
Microsoft Visual Studio Solution File, Format Version 12.00
# Visual Studio Version 17
VisualStudioVersion = 17.1.32210.238
MinimumVisualStudioVersion = 10.0.40219.1
Project("{FAE04EC0-301F-11D3-BF4B-00C04F79EFBC}") = "API-Magic", "application\Application.csproj", "{AED95A0B-1637-4ECA-9C48-E2EDECF0FAB7}"
EndProject
Global
	GlobalSection(SolutionConfigurationPlatforms) = preSolution
		Debug|Any CPU = Debug|Any CPU
		Release|Any CPU = Release|Any CPU
	EndGlobalSection
	GlobalSection(ProjectConfigurationPlatforms) = postSolution
		{AED95A0B-1637-4ECA-9C48-E2EDECF0FAB7}.Debug|Any CPU.ActiveCfg = Debug|Any CPU
		{AED95A0B-1637-4ECA-9C48-E2EDECF0FAB7}.Debug|Any CPU.Build.0 = Debug|Any CPU
		{AED95A0B-1637-4ECA-9C48-E2EDECF0FAB7}.Release|Any CPU.ActiveCfg = Release|Any CPU
		{AED95A0B-1637-4ECA-9C48-E2EDECF0FAB7}.Release|Any CPU.Build.0 = Release|Any CPU
	EndGlobalSection
	GlobalSection(SolutionProperties) = preSolution
		HideSolutionNode = FALSE
	EndGlobalSection
	GlobalSection(ExtensibilityGlobals) = postSolution
		SolutionGuid = {880F5EA5-7D78-43FC-AC45-825B299CAD27}
	EndGlobalSection
EndGlobal
